
Microsoft Visual Studio Solution File, Format Version 12.00
# Visual Studio Version 16
VisualStudioVersion = 16.0.28922.388
MinimumVisualStudioVersion = 10.0.40219.1
Project("{9A19103F-16F7-4668-BE54-9A1E7A4F7556}") = "Api", "Api\Api.csproj", "{A2C3FE52-C75A-49DA-995D-C4B449A3EB5A}"
EndProject
Project("{9A19103F-16F7-4668-BE54-9A1E7A4F7556}") = "Api.Host", "Api.Host\Api.Host.csproj", "{710E5028-C240-4770-BE8F-E561D7A98B07}"
EndProject
Project("{9A19103F-16F7-4668-BE54-9A1E7A4F7556}") = "Api.Tests", "Api.Tests\Api.Tests.csproj", "{39D00F21-74F5-481A-BB00-5CD7645935EF}"
EndProject
Project("{2150E333-8FDC-42A3-9474-1A3956D46DE8}") = "Solution Items", "Solution Items", "{D2AB7A45-E3BF-4F8F-9DE7-80E2E0A18716}"
	ProjectSection(SolutionItems) = preProject
		Global.json = Global.json
	EndProjectSection
EndProject
Global
	GlobalSection(SolutionConfigurationPlatforms) = preSolution
		Debug|Any CPU = Debug|Any CPU
		Release|Any CPU = Release|Any CPU
	EndGlobalSection
	GlobalSection(ProjectConfigurationPlatforms) = postSolution
		{A2C3FE52-C75A-49DA-995D-C4B449A3EB5A}.Debug|Any CPU.ActiveCfg = Debug|Any CPU
		{A2C3FE52-C75A-49DA-995D-C4B449A3EB5A}.Debug|Any CPU.Build.0 = Debug|Any CPU
		{A2C3FE52-C75A-49DA-995D-C4B449A3EB5A}.Release|Any CPU.ActiveCfg = Release|Any CPU
		{A2C3FE52-C75A-49DA-995D-C4B449A3EB5A}.Release|Any CPU.Build.0 = Release|Any CPU
		{710E5028-C240-4770-BE8F-E561D7A98B07}.Debug|Any CPU.ActiveCfg = Debug|Any CPU
		{710E5028-C240-4770-BE8F-E561D7A98B07}.Debug|Any CPU.Build.0 = Debug|Any CPU
		{710E5028-C240-4770-BE8F-E561D7A98B07}.Release|Any CPU.ActiveCfg = Release|Any CPU
		{710E5028-C240-4770-BE8F-E561D7A98B07}.Release|Any CPU.Build.0 = Release|Any CPU
		{39D00F21-74F5-481A-BB00-5CD7645935EF}.Debug|Any CPU.ActiveCfg = Debug|Any CPU
		{39D00F21-74F5-481A-BB00-5CD7645935EF}.Debug|Any CPU.Build.0 = Debug|Any CPU
		{39D00F21-74F5-481A-BB00-5CD7645935EF}.Release|Any CPU.ActiveCfg = Release|Any CPU
		{39D00F21-74F5-481A-BB00-5CD7645935EF}.Release|Any CPU.Build.0 = Release|Any CPU
	EndGlobalSection
	GlobalSection(SolutionProperties) = preSolution
		HideSolutionNode = FALSE
	EndGlobalSection
	GlobalSection(ExtensibilityGlobals) = postSolution
		SolutionGuid = {B3BC19BF-5C7E-4E94-B3A7-70BAB9E856AE}
	EndGlobalSection
EndGlobal
